<?xml version="1.0" encoding="utf-8"?>
<Project ToolsVersion="4.0" xmlns="http://schemas.microsoft.com/developer/msbuild/2003">
  <ItemGroup>
    <Filter Include="소스 파일">
      <UniqueIdentifier>{4FC737F1-C7A5-4376-A066-2A32D752A2FF}</UniqueIdentifier>
      <Extensions>cpp;c;cc;cxx;c++;cppm;ixx;def;odl;idl;hpj;bat;asm;asmx</Extensions>
    </Filter>
    <Filter Include="헤더 파일">
      <UniqueIdentifier>{93995380-89BD-4b04-88EB-625FBE52EBFB}</UniqueIdentifier>
      <Extensions>h;hh;hpp;hxx;h++;hm;inl;inc;ipp;xsd</Extensions>
    </Filter>
    <Filter Include="리소스 파일">
      <UniqueIdentifier>{67DA6AB6-F800-4c08-8B7A-83BB121AAD01}</UniqueIdentifier>
      <Extensions>rc;ico;cur;bmp;dlg;rc2;rct;bin;rgs;gif;jpg;jpeg;jpe;resx;tiff;tif;png;wav;mfcribbon-ms</Extensions>
    </Filter>
    <Filter Include="2025">
      <UniqueIdentifier>{a8553c74-fdf3-48cb-af97-11de3c923632}</UniqueIdentifier>
    </Filter>
    <Filter Include="2026">
      <UniqueIdentifier>{a8572e8f-1d80-4cfa-83e8-5aa777297c65}</UniqueIdentifier>
    </Filter>
  </ItemGroup>
  <ItemGroup>
    <ClCompile Include="1205.cpp">
      <Filter>2025</Filter>
    </ClCompile>
    <ClCompile Include="1210.cpp">
      <Filter>2025</Filter>
    </ClCompile>
    <ClCompile Include="1210_2257.cpp">
      <Filter>2025</Filter>
    </ClCompile>
    <ClCompile Include="1211_1522.cpp">
      <Filter>2025</Filter>
    </ClCompile>
    <ClCompile Include="1222_1628.cpp">
      <Filter>2025</Filter>
    </ClCompile>
    <ClCompile Include="1228_2051.cpp">
      <Filter>2025</Filter>
    </ClCompile>
    <ClCompile Include="1229_1810.cpp">
      <Filter>2025</Filter>
    </ClCompile>
    <ClCompile Include="1230_1403.cpp">
      <Filter>2025</Filter>
    </ClCompile>
    <ClCompile Include="1231_2046.cpp">
      <Filter>2025</Filter>
    </ClCompile>
    <ClCompile Include="26_0101_1405.cpp">
      <Filter>2026</Filter>
    </ClCompile>
    <ClCompile Include="26_0102_1700.cpp">
      <Filter>2026</Filter>
    </ClCompile>
    <ClCompile Include="26_0103_1531.cpp">
      <Filter>2026</Filter>
    </ClCompile>
    <ClCompile Include="26_0104_Circle.cpp">
      <Filter>2026</Filter>
    </ClCompile>
    <ClCompile Include="26_0104_main.cpp">
      <Filter>2026</Filter>
    </ClCompile>
    <ClCompile Include="26_0104_Exp.cpp">
      <Filter>2026</Filter>
    </ClCompile>
    <ClCompile Include="26_0104_exp_main.cpp">
      <Filter>2026</Filter>
    </ClCompile>
    <ClCompile Include="26_0105_2215.cpp">
      <Filter>2026</Filter>
    </ClCompile>
    <ClCompile Include="26_0106_2249.cpp">
      <Filter>2026</Filter>
    </ClCompile>
    <ClCompile Include="26_0107_2217.cpp">
      <Filter>2026</Filter>
    </ClCompile>
    <ClCompile Include="26_0108_2242.cpp">
      <Filter>2026</Filter>
    </ClCompile>
    <ClCompile Include="26_0109_2111.cpp">
      <Filter>2026</Filter>
    </ClCompile>
    <ClCompile Include="26_0110_1511.cpp">
      <Filter>2026</Filter>
    </ClCompile>
    <ClCompile Include="26_0110_cal.cpp">
      <Filter>2026</Filter>
    </ClCompile>
    <ClCompile Include="26_0110_cal_main.cpp">
      <Filter>2026</Filter>
    </ClCompile>
    <ClCompile Include="26_0110_Box.cpp">
      <Filter>2026</Filter>
    </ClCompile>
    <ClCompile Include="26_0110_Box_main.cpp">
      <Filter>2026</Filter>
    </ClCompile>
    <ClCompile Include="26_0110_Ram.cpp">
      <Filter>2026</Filter>
    </ClCompile>
    <ClCompile Include="26_0110_Ram_main.cpp">
      <Filter>2026</Filter>
    </ClCompile>
    <ClCompile Include="26_0111_1809.cpp">
      <Filter>2026</Filter>
    </ClCompile>
    <ClCompile Include="26_0114_1336.cpp">
      <Filter>2026</Filter>
    </ClCompile>
    <ClCompile Include="26_0115_2222.cpp">
      <Filter>2026</Filter>
    </ClCompile>
    <ClCompile Include="26_0116_1450.cpp">
      <Filter>2026</Filter>
    </ClCompile>
    <ClCompile Include="26_0118_1335.cpp">
      <Filter>2026</Filter>
    </ClCompile>
    <ClCompile Include="26_0119_1324.cpp">
      <Filter>2026</Filter>
    </ClCompile>
    <ClCompile Include="26_0120_1542.cpp">
      <Filter>2026</Filter>
    </ClCompile>
    <ClCompile Include="26_0121_1408.cpp">
      <Filter>2026</Filter>
    </ClCompile>
    <ClCompile Include="26_0122_1850.cpp">
      <Filter>2026</Filter>
    </ClCompile>
    <ClCompile Include="26_0123_1820.cpp">
      <Filter>2026</Filter>
    </ClCompile>
    <ClCompile Include="26_0124_1719.cpp">
      <Filter>2026</Filter>
    </ClCompile>
    <ClCompile Include="26_0125_1644.cpp">
      <Filter>2026</Filter>
    </ClCompile>
    <ClCompile Include="26_0127_1938.cpp">
      <Filter>2026</Filter>
    </ClCompile>
    <ClCompile Include="26_0130_1619.cpp">
      <Filter>2026</Filter>
    </ClCompile>
  </ItemGroup>
  <ItemGroup>
    <ClInclude Include="26_0104_Circle.h">
      <Filter>2026</Filter>
    </ClInclude>
    <ClInclude Include="26_0104_Exp.h">
      <Filter>2026</Filter>
    </ClInclude>
    <ClInclude Include="26_0110_cal.h">
      <Filter>2026</Filter>
    </ClInclude>
    <ClInclude Include="26_0110_Box.h">
      <Filter>2026</Filter>
    </ClInclude>
    <ClInclude Include="26_0110_Ram.h">
      <Filter>2026</Filter>
    </ClInclude>
  </ItemGroup>
</Project>